// !$*UTF8*$!
{
	archiveVersion = 1;
	classes = {
	};
	objectVersion = 46;
	objects = {

/* Begin PBXBuildFile section */
		DC1A9B7C1A9C4C91004CCE9A /* AppDelegate.swift in Sources */ = {isa = PBXBuildFile; fileRef = DC1A9B7B1A9C4C91004CCE9A /* AppDelegate.swift */; };
		DC1A9B7E1A9C4C91004CCE9A /* FirstViewController.swift in Sources */ = {isa = PBXBuildFile; fileRef = DC1A9B7D1A9C4C91004CCE9A /* FirstViewController.swift */; };
		DC1A9B801A9C4C91004CCE9A /* SecondViewController.swift in Sources */ = {isa = PBXBuildFile; fileRef = DC1A9B7F1A9C4C91004CCE9A /* SecondViewController.swift */; };
		DC1A9B831A9C4C91004CCE9A /* Main.storyboard in Resources */ = {isa = PBXBuildFile; fileRef = DC1A9B811A9C4C91004CCE9A /* Main.storyboard */; };
		DC1A9B851A9C4C91004CCE9A /* Images.xcassets in Resources */ = {isa = PBXBuildFile; fileRef = DC1A9B841A9C4C91004CCE9A /* Images.xcassets */; };
		DC1A9B881A9C4C91004CCE9A /* LaunchScreen.xib in Resources */ = {isa = PBXBuildFile; fileRef = DC1A9B861A9C4C91004CCE9A /* LaunchScreen.xib */; };
		DC1A9B941A9C4C91004CCE9A /* MyLocationsTests.swift in Sources */ = {isa = PBXBuildFile; fileRef = DC1A9B931A9C4C91004CCE9A /* MyLocationsTests.swift */; };
/* End PBXBuildFile section */

/* Begin PBXContainerItemProxy section */
		DC1A9B8E1A9C4C91004CCE9A /* PBXContainerItemProxy */ = {
			isa = PBXContainerItemProxy;
			containerPortal = DC1A9B6E1A9C4C91004CCE9A /* Project object */;
			proxyType = 1;
			remoteGlobalIDString = DC1A9B751A9C4C91004CCE9A;
			remoteInfo = MyLocations;
		};
/* End PBXContainerItemProxy section */

/* Begin PBXFileReference section */
		DC1A9B761A9C4C91004CCE9A /* MyLocations.app */ = {isa = PBXFileReference; explicitFileType = wrapper.application; includeInIndex = 0; path = MyLocations.app; sourceTree = BUILT_PRODUCTS_DIR; };
		DC1A9B7A1A9C4C91004CCE9A /* Info.plist */ = {isa = PBXFileReference; lastKnownFileType = text.plist.xml; path = Info.plist; sourceTree = "<group>"; };
		DC1A9B7B1A9C4C91004CCE9A /* AppDelegate.swift */ = {isa = PBXFileReference; lastKnownFileType = sourcecode.swift; path = AppDelegate.swift; sourceTree = "<group>"; };
		DC1A9B7D1A9C4C91004CCE9A /* FirstViewController.swift */ = {isa = PBXFileReference; lastKnownFileType = sourcecode.swift; path = FirstViewController.swift; sourceTree = "<group>"; };
		DC1A9B7F1A9C4C91004CCE9A /* SecondViewController.swift */ = {isa = PBXFileReference; lastKnownFileType = sourcecode.swift; path = SecondViewController.swift; sourceTree = "<group>"; };
		DC1A9B821A9C4C91004CCE9A /* Base */ = {isa = PBXFileReference; lastKnownFileType = file.storyboard; name = Base; path = Base.lproj/Main.storyboard; sourceTree = "<group>"; };
		DC1A9B841A9C4C91004CCE9A /* Images.xcassets */ = {isa = PBXFileReference; lastKnownFileType = folder.assetcatalog; path = Images.xcassets; sourceTree = "<group>"; };
		DC1A9B871A9C4C91004CCE9A /* Base */ = {isa = PBXFileReference; lastKnownFileType = file.xib; name = Base; path = Base.lproj/LaunchScreen.xib; sourceTree = "<group>"; };
		DC1A9B8D1A9C4C91004CCE9A /* MyLocationsTests.xctest */ = {isa = PBXFileReference; explicitFileType = wrapper.cfbundle; includeInIndex = 0; path = MyLocationsTests.xctest; sourceTree = BUILT_PRODUCTS_DIR; };
		DC1A9B921A9C4C91004CCE9A /* Info.plist */ = {isa = PBXFileReference; lastKnownFileType = text.plist.xml; path = Info.plist; sourceTree = "<group>"; };
		DC1A9B931A9C4C91004CCE9A /* MyLocationsTests.swift */ = {isa = PBXFileReference; lastKnownFileType = sourcecode.swift; path = MyLocationsTests.swift; sourceTree = "<group>"; };
/* End PBXFileReference section */

/* Begin PBXFrameworksBuildPhase section */
		DC1A9B731A9C4C91004CCE9A /* Frameworks */ = {
			isa = PBXFrameworksBuildPhase;
			buildActionMask = 2147483647;
			files = (
			);
			runOnlyForDeploymentPostprocessing = 0;
		};
		DC1A9B8A1A9C4C91004CCE9A /* Frameworks */ = {
			isa = PBXFrameworksBuildPhase;
			buildActionMask = 2147483647;
			files = (
			);
			runOnlyForDeploymentPostprocessing = 0;
		};
/* End PBXFrameworksBuildPhase section */

/* Begin PBXGroup section */
		DC1A9B6D1A9C4C91004CCE9A = {
			isa = PBXGroup;
			children = (
				DC1A9B781A9C4C91004CCE9A /* MyLocations */,
				DC1A9B901A9C4C91004CCE9A /* MyLocationsTests */,
				DC1A9B771A9C4C91004CCE9A /* Products */,
			);
			sourceTree = "<group>";
		};
		DC1A9B771A9C4C91004CCE9A /* Products */ = {
			isa = PBXGroup;
			children = (
				DC1A9B761A9C4C91004CCE9A /* MyLocations.app */,
				DC1A9B8D1A9C4C91004CCE9A /* MyLocationsTests.xctest */,
			);
			name = Products;
			sourceTree = "<group>";
		};
		DC1A9B781A9C4C91004CCE9A /* MyLocations */ = {
			isa = PBXGroup;
			children = (
				DC1A9B7B1A9C4C91004CCE9A /* AppDelegate.swift */,
				DC1A9B7D1A9C4C91004CCE9A /* FirstViewController.swift */,
				DC1A9B7F1A9C4C91004CCE9A /* SecondViewController.swift */,
				DC1A9B811A9C4C91004CCE9A /* Main.storyboard */,
				DC1A9B841A9C4C91004CCE9A /* Images.xcassets */,
				DC1A9B861A9C4C91004CCE9A /* LaunchScreen.xib */,
				DC1A9B791A9C4C91004CCE9A /* Supporting Files */,
			);
			path = MyLocations;
			sourceTree = "<group>";
		};
		DC1A9B791A9C4C91004CCE9A /* Supporting Files */ = {
			isa = PBXGroup;
			children = (
				DC1A9B7A1A9C4C91004CCE9A /* Info.plist */,
			);
			name = "Supporting Files";
			sourceTree = "<group>";
		};
		DC1A9B901A9C4C91004CCE9A /* MyLocationsTests */ = {
			isa = PBXGroup;
			children = (
				DC1A9B931A9C4C91004CCE9A /* MyLocationsTests.swift */,
				DC1A9B911A9C4C91004CCE9A /* Supporting Files */,
			);
			path = MyLocationsTests;
			sourceTree = "<group>";
		};
		DC1A9B911A9C4C91004CCE9A /* Supporting Files */ = {
			isa = PBXGroup;
			children = (
				DC1A9B921A9C4C91004CCE9A /* Info.plist */,
			);
			name = "Supporting Files";
			sourceTree = "<group>";
		};
/* End PBXGroup section */

/* Begin PBXNativeTarget section */
		DC1A9B751A9C4C91004CCE9A /* MyLocations */ = {
			isa = PBXNativeTarget;
			buildConfigurationList = DC1A9B971A9C4C91004CCE9A /* Build configuration list for PBXNativeTarget "MyLocations" */;
			buildPhases = (
				DC1A9B721A9C4C91004CCE9A /* Sources */,
				DC1A9B731A9C4C91004CCE9A /* Frameworks */,
				DC1A9B741A9C4C91004CCE9A /* Resources */,
			);
			buildRules = (
			);
			dependencies = (
			);
			name = MyLocations;
			productName = MyLocations;
			productReference = DC1A9B761A9C4C91004CCE9A /* MyLocations.app */;
			productType = "com.apple.product-type.application";
		};
		DC1A9B8C1A9C4C91004CCE9A /* MyLocationsTests */ = {
			isa = PBXNativeTarget;
			buildConfigurationList = DC1A9B9A1A9C4C91004CCE9A /* Build configuration list for PBXNativeTarget "MyLocationsTests" */;
			buildPhases = (
				DC1A9B891A9C4C91004CCE9A /* Sources */,
				DC1A9B8A1A9C4C91004CCE9A /* Frameworks */,
				DC1A9B8B1A9C4C91004CCE9A /* Resources */,
			);
			buildRules = (
			);
			dependencies = (
				DC1A9B8F1A9C4C91004CCE9A /* PBXTargetDependency */,
			);
			name = MyLocationsTests;
			productName = MyLocationsTests;
			productReference = DC1A9B8D1A9C4C91004CCE9A /* MyLocationsTests.xctest */;
			productType = "com.apple.product-type.bundle.unit-test";
		};
/* End PBXNativeTarget section */

/* Begin PBXProject section */
		DC1A9B6E1A9C4C91004CCE9A /* Project object */ = {
			isa = PBXProject;
			attributes = {
				LastUpgradeCheck = 0610;
				ORGANIZATIONNAME = "Gosda Consulting, LLC";
				TargetAttributes = {
					DC1A9B751A9C4C91004CCE9A = {
						CreatedOnToolsVersion = 6.1.1;
					};
					DC1A9B8C1A9C4C91004CCE9A = {
						CreatedOnToolsVersion = 6.1.1;
						TestTargetID = DC1A9B751A9C4C91004CCE9A;
					};
				};
			};
			buildConfigurationList = DC1A9B711A9C4C91004CCE9A /* Build configuration list for PBXProject "MyLocations" */;
			compatibilityVersion = "Xcode 3.2";
			developmentRegion = English;
			hasScannedForEncodings = 0;
			knownRegions = (
				en,
				Base,
			);
			mainGroup = DC1A9B6D1A9C4C91004CCE9A;
			productRefGroup = DC1A9B771A9C4C91004CCE9A /* Products */;
			projectDirPath = "";
			projectRoot = "";
			targets = (
				DC1A9B751A9C4C91004CCE9A /* MyLocations */,
				DC1A9B8C1A9C4C91004CCE9A /* MyLocationsTests */,
			);
		};
/* End PBXProject section */

/* Begin PBXResourcesBuildPhase section */
		DC1A9B741A9C4C91004CCE9A /* Resources */ = {
			isa = PBXResourcesBuildPhase;
			buildActionMask = 2147483647;
			files = (
				DC1A9B831A9C4C91004CCE9A /* Main.storyboard in Resources */,
				DC1A9B881A9C4C91004CCE9A /* LaunchScreen.xib in Resources */,
				DC1A9B851A9C4C91004CCE9A /* Images.xcassets in Resources */,
			);
			runOnlyForDeploymentPostprocessing = 0;
		};
		DC1A9B8B1A9C4C91004CCE9A /* Resources */ = {
			isa = PBXResourcesBuildPhase;
			buildActionMask = 2147483647;
			files = (
			);
			runOnlyForDeploymentPostprocessing = 0;
		};
/* End PBXResourcesBuildPhase section */

/* Begin PBXSourcesBuildPhase section */
		DC1A9B721A9C4C91004CCE9A /* Sources */ = {
			isa = PBXSourcesBuildPhase;
			buildActionMask = 2147483647;
			files = (
				DC1A9B801A9C4C91004CCE9A /* SecondViewController.swift in Sources */,
				DC1A9B7C1A9C4C91004CCE9A /* AppDelegate.swift in Sources */,
				DC1A9B7E1A9C4C91004CCE9A /* FirstViewController.swift in Sources */,
			);
			runOnlyForDeploymentPostprocessing = 0;
		};
		DC1A9B891A9C4C91004CCE9A /* Sources */ = {
			isa = PBXSourcesBuildPhase;
			buildActionMask = 2147483647;
			files = (
				DC1A9B941A9C4C91004CCE9A /* MyLocationsTests.swift in Sources */,
			);
			runOnlyForDeploymentPostprocessing = 0;
		};
/* End PBXSourcesBuildPhase section */

/* Begin PBXTargetDependency section */
		DC1A9B8F1A9C4C91004CCE9A /* PBXTargetDependency */ = {
			isa = PBXTargetDependency;
			target = DC1A9B751A9C4C91004CCE9A /* MyLocations */;
			targetProxy = DC1A9B8E1A9C4C91004CCE9A /* PBXContainerItemProxy */;
		};
/* End PBXTargetDependency section */

/* Begin PBXVariantGroup section */
		DC1A9B811A9C4C91004CCE9A /* Main.storyboard */ = {
			isa = PBXVariantGroup;
			children = (
				DC1A9B821A9C4C91004CCE9A /* Base */,
			);
			name = Main.storyboard;
			sourceTree = "<group>";
		};
		DC1A9B861A9C4C91004CCE9A /* LaunchScreen.xib */ = {
			isa = PBXVariantGroup;
			children = (
				DC1A9B871A9C4C91004CCE9A /* Base */,
			);
			name = LaunchScreen.xib;
			sourceTree = "<group>";
		};
/* End PBXVariantGroup section */

/* Begin XCBuildConfiguration section */
		DC1A9B951A9C4C91004CCE9A /* Debug */ = {
			isa = XCBuildConfiguration;
			buildSettings = {
				ALWAYS_SEARCH_USER_PATHS = NO;
				CLANG_CXX_LANGUAGE_STANDARD = "gnu++0x";
				CLANG_CXX_LIBRARY = "libc++";
				CLANG_ENABLE_MODULES = YES;
				CLANG_ENABLE_OBJC_ARC = YES;
				CLANG_WARN_BOOL_CONVERSION = YES;
				CLANG_WARN_CONSTANT_CONVERSION = YES;
				CLANG_WARN_DIRECT_OBJC_ISA_USAGE = YES_ERROR;
				CLANG_WARN_EMPTY_BODY = YES;
				CLANG_WARN_ENUM_CONVERSION = YES;
				CLANG_WARN_INT_CONVERSION = YES;
				CLANG_WARN_OBJC_ROOT_CLASS = YES_ERROR;
				CLANG_WARN_UNREACHABLE_CODE = YES;
				CLANG_WARN__DUPLICATE_METHOD_MATCH = YES;
				"CODE_SIGN_IDENTITY[sdk=iphoneos*]" = "iPhone Developer";
				COPY_PHASE_STRIP = NO;
				ENABLE_STRICT_OBJC_MSGSEND = YES;
				GCC_C_LANGUAGE_STANDARD = gnu99;
				GCC_DYNAMIC_NO_PIC = NO;
				GCC_OPTIMIZATION_LEVEL = 0;
				GCC_PREPROCESSOR_DEFINITIONS = (
					"DEBUG=1",
					"$(inherited)",
				);
				GCC_SYMBOLS_PRIVATE_EXTERN = NO;
				GCC_WARN_64_TO_32_BIT_CONVERSION = YES;
				GCC_WARN_ABOUT_RETURN_TYPE = YES_ERROR;
				GCC_WARN_UNDECLARED_SELECTOR = YES;
				GCC_WARN_UNINITIALIZED_AUTOS = YES_AGGRESSIVE;
				GCC_WARN_UNUSED_FUNCTION = YES;
				GCC_WARN_UNUSED_VARIABLE = YES;
				IPHONEOS_DEPLOYMENT_TARGET = 8.1;
				MTL_ENABLE_DEBUG_INFO = YES;
				ONLY_ACTIVE_ARCH = YES;
				SDKROOT = iphoneos;
				SWIFT_OPTIMIZATION_LEVEL = "-Onone";
			};
			name = Debug;
		};
		DC1A9B961A9C4C91004CCE9A /* Release */ = {
			isa = XCBuildConfiguration;
			buildSettings = {
				ALWAYS_SEARCH_USER_PATHS = NO;
				CLANG_CXX_LANGUAGE_STANDARD = "gnu++0x";
				CLANG_CXX_LIBRARY = "libc++";
				CLANG_ENABLE_MODULES = YES;
				CLANG_ENABLE_OBJC_ARC = YES;
				CLANG_WARN_BOOL_CONVERSION = YES;
				CLANG_WARN_CONSTANT_CONVERSION = YES;
				CLANG_WARN_DIRECT_OBJC_ISA_USAGE = YES_ERROR;
				CLANG_WARN_EMPTY_BODY = YES;
				CLANG_WARN_ENUM_CONVERSION = YES;
				CLANG_WARN_INT_CONVERSION = YES;
				CLANG_WARN_OBJC_ROOT_CLASS = YES_ERROR;
				CLANG_WARN_UNREACHABLE_CODE = YES;
				CLANG_WARN__DUPLICATE_METHOD_MATCH = YES;
				"CODE_SIGN_IDENTITY[sdk=iphoneos*]" = "iPhone Developer";
				COPY_PHASE_STRIP = YES;
				ENABLE_NS_ASSERTIONS = NO;
				ENABLE_STRICT_OBJC_MSGSEND = YES;
				GCC_C_LANGUAGE_STANDARD = gnu99;
				GCC_WARN_64_TO_32_BIT_CONVERSION = YES;
				GCC_WARN_ABOUT_RETURN_TYPE = YES_ERROR;
				GCC_WARN_UNDECLARED_SELECTOR = YES;
				GCC_WARN_UNINITIALIZED_AUTOS = YES_AGGRESSIVE;
				GCC_WARN_UNUSED_FUNCTION = YES;
				GCC_WARN_UNUSED_VARIABLE = YES;
				IPHONEOS_DEPLOYMENT_TARGET = 8.1;
				MTL_ENABLE_DEBUG_INFO = NO;
				SDKROOT = iphoneos;
				VALIDATE_PRODUCT = YES;
			};
			name = Release;
		};
		DC1A9B981A9C4C91004CCE9A /* Debug */ = {
			isa = XCBuildConfiguration;
			buildSettings = {
				ASSETCATALOG_COMPILER_APPICON_NAME = AppIcon;
				INFOPLIST_FILE = MyLocations/Info.plist;
				LD_RUNPATH_SEARCH_PATHS = "$(inherited) @executable_path/Frameworks";
				PRODUCT_NAME = "$(TARGET_NAME)";
			};
			name = Debug;
		};
		DC1A9B991A9C4C91004CCE9A /* Release */ = {
			isa = XCBuildConfiguration;
			buildSettings = {
				ASSETCATALOG_COMPILER_APPICON_NAME = AppIcon;
				INFOPLIST_FILE = MyLocations/Info.plist;
				LD_RUNPATH_SEARCH_PATHS = "$(inherited) @executable_path/Frameworks";
				PRODUCT_NAME = "$(TARGET_NAME)";
			};
			name = Release;
		};
		DC1A9B9B1A9C4C91004CCE9A /* Debug */ = {
			isa = XCBuildConfiguration;
			buildSettings = {
				BUNDLE_LOADER = "$(TEST_HOST)";
				FRAMEWORK_SEARCH_PATHS = (
					"$(SDKROOT)/Developer/Library/Frameworks",
					"$(inherited)",
				);
				GCC_PREPROCESSOR_DEFINITIONS = (
					"DEBUG=1",
					"$(inherited)",
				);
				INFOPLIST_FILE = MyLocationsTests/Info.plist;
				LD_RUNPATH_SEARCH_PATHS = "$(inherited) @executable_path/Frameworks @loader_path/Frameworks";
				PRODUCT_NAME = "$(TARGET_NAME)";
				TEST_HOST = "$(BUILT_PRODUCTS_DIR)/MyLocations.app/MyLocations";
			};
			name = Debug;
		};
		DC1A9B9C1A9C4C91004CCE9A /* Release */ = {
			isa = XCBuildConfiguration;
			buildSettings = {
				BUNDLE_LOADER = "$(TEST_HOST)";
				FRAMEWORK_SEARCH_PATHS = (
					"$(SDKROOT)/Developer/Library/Frameworks",
					"$(inherited)",
				);
				INFOPLIST_FILE = MyLocationsTests/Info.plist;
				LD_RUNPATH_SEARCH_PATHS = "$(inherited) @executable_path/Frameworks @loader_path/Frameworks";
				PRODUCT_NAME = "$(TARGET_NAME)";
				TEST_HOST = "$(BUILT_PRODUCTS_DIR)/MyLocations.app/MyLocations";
			};
			name = Release;
		};
/* End XCBuildConfiguration section */

/* Begin XCConfigurationList section */
		DC1A9B711A9C4C91004CCE9A /* Build configuration list for PBXProject "MyLocations" */ = {
			isa = XCConfigurationList;
			buildConfigurations = (
				DC1A9B951A9C4C91004CCE9A /* Debug */,
				DC1A9B961A9C4C91004CCE9A /* Release */,
			);
			defaultConfigurationIsVisible = 0;
			defaultConfigurationName = Release;
		};
		DC1A9B971A9C4C91004CCE9A /* Build configuration list for PBXNativeTarget "MyLocations" */ = {
			isa = XCConfigurationList;
			buildConfigurations = (
				DC1A9B981A9C4C91004CCE9A /* Debug */,
				DC1A9B991A9C4C91004CCE9A /* Release */,
			);
			defaultConfigurationIsVisible = 0;
		};
		DC1A9B9A1A9C4C91004CCE9A /* Build configuration list for PBXNativeTarget "MyLocationsTests" */ = {
			isa = XCConfigurationList;
			buildConfigurations = (
				DC1A9B9B1A9C4C91004CCE9A /* Debug */,
				DC1A9B9C1A9C4C91004CCE9A /* Release */,
			);
			defaultConfigurationIsVisible = 0;
		};
/* End XCConfigurationList section */
	};
	rootObject = DC1A9B6E1A9C4C91004CCE9A /* Project object */;
}
